
Microsoft Visual Studio Solution File, Format Version 12.00
# Visual Studio Version 16
VisualStudioVersion = 16.0.31702.278
MinimumVisualStudioVersion = 10.0.40219.1
Project("{FAE04EC0-301F-11D3-BF4B-00C04F79EFBC}") = "Gnome-sort", "Gnome-sort\Gnome-sort.csproj", "{417CCF19-55C8-4E30-91EA-4FBB584E1158}"
EndProject
Global
	GlobalSection(SolutionConfigurationPlatforms) = preSolution
		Debug|Any CPU = Debug|Any CPU
		Release|Any CPU = Release|Any CPU
	EndGlobalSection
	GlobalSection(ProjectConfigurationPlatforms) = postSolution
		{417CCF19-55C8-4E30-91EA-4FBB584E1158}.Debug|Any CPU.ActiveCfg = Debug|Any CPU
		{417CCF19-55C8-4E30-91EA-4FBB584E1158}.Debug|Any CPU.Build.0 = Debug|Any CPU
		{417CCF19-55C8-4E30-91EA-4FBB584E1158}.Release|Any CPU.ActiveCfg = Release|Any CPU
		{417CCF19-55C8-4E30-91EA-4FBB584E1158}.Release|Any CPU.Build.0 = Release|Any CPU
	EndGlobalSection
	GlobalSection(SolutionProperties) = preSolution
		HideSolutionNode = FALSE
	EndGlobalSection
	GlobalSection(ExtensibilityGlobals) = postSolution
		SolutionGuid = {30F0189D-3FC0-424D-A97E-20CD008EECF9}
	EndGlobalSection
EndGlobal
